// !$*UTF8*$!
{
	archiveVersion = 1;
	classes = {
	};
	objectVersion = 48;
	objects = {

/* Begin PBXBuildFile section */
		25F3731240059F38AD67B60D /* Pods_Linkle.framework in Frameworks */ = {isa = PBXBuildFile; fileRef = 8A6E12EBFC2AAB3077DF1F18 /* Pods_Linkle.framework */; };
		B7221FE21FDE53DA0055AEBE /* RealmData.swift in Sources */ = {isa = PBXBuildFile; fileRef = B7221FE11FDE53DA0055AEBE /* RealmData.swift */; };
		B72ADF831FE0DCCE00C01215 /* Methods.swift in Sources */ = {isa = PBXBuildFile; fileRef = B72ADF821FE0DCCE00C01215 /* Methods.swift */; };
		B72ADF851FE0DDC400C01215 /* Properties.swift in Sources */ = {isa = PBXBuildFile; fileRef = B72ADF841FE0DDC400C01215 /* Properties.swift */; };
		B739145A1FD2101200028ED7 /* Assets.xcassets in Resources */ = {isa = PBXBuildFile; fileRef = B73914591FD2101200028ED7 /* Assets.xcassets */; };
		B739145C1FD210EF00028ED7 /* FolderTableViewCell.swift in Sources */ = {isa = PBXBuildFile; fileRef = B739145B1FD210EF00028ED7 /* FolderTableViewCell.swift */; };
		B74613A21FD587CA00A35836 /* LinkViewController.swift in Sources */ = {isa = PBXBuildFile; fileRef = B74613A11FD587CA00A35836 /* LinkViewController.swift */; };
		B74613A41FD587EF00A35836 /* LinkTableViewCell.swift in Sources */ = {isa = PBXBuildFile; fileRef = B74613A31FD587EF00A35836 /* LinkTableViewCell.swift */; };
		B7699E971FDCE77B008F4DF1 /* LinkModel.swift in Sources */ = {isa = PBXBuildFile; fileRef = B7699E961FDCE77B008F4DF1 /* LinkModel.swift */; };
		B7797E571FD3F97F00389D1F /* FolderName.swift in Sources */ = {isa = PBXBuildFile; fileRef = B7797E561FD3F97F00389D1F /* FolderName.swift */; };
		B7A7A7F31FCEE09400654CCB /* AppDelegate.swift in Sources */ = {isa = PBXBuildFile; fileRef = B7A7A7F21FCEE09400654CCB /* AppDelegate.swift */; };
		B7A7A7F51FCEE09400654CCB /* ViewController.swift in Sources */ = {isa = PBXBuildFile; fileRef = B7A7A7F41FCEE09400654CCB /* ViewController.swift */; };
		B7A7A7F81FCEE09400654CCB /* Main.storyboard in Resources */ = {isa = PBXBuildFile; fileRef = B7A7A7F61FCEE09400654CCB /* Main.storyboard */; };
		B7A7A7FD1FCEE09400654CCB /* LaunchScreen.storyboard in Resources */ = {isa = PBXBuildFile; fileRef = B7A7A7FB1FCEE09400654CCB /* LaunchScreen.storyboard */; };
		B7AECE142014318000AF5E5A /* extension.swift in Sources */ = {isa = PBXBuildFile; fileRef = B7AECE132014318000AF5E5A /* extension.swift */; };
/* End PBXBuildFile section */

/* Begin PBXFileReference section */
		75CDE0B05995BFD701F669DB /* Pods-Linkle.release.xcconfig */ = {isa = PBXFileReference; includeInIndex = 1; lastKnownFileType = text.xcconfig; name = "Pods-Linkle.release.xcconfig"; path = "Pods/Target Support Files/Pods-Linkle/Pods-Linkle.release.xcconfig"; sourceTree = "<group>"; };
		8A6E12EBFC2AAB3077DF1F18 /* Pods_Linkle.framework */ = {isa = PBXFileReference; explicitFileType = wrapper.framework; includeInIndex = 0; path = Pods_Linkle.framework; sourceTree = BUILT_PRODUCTS_DIR; };
		B7221FE11FDE53DA0055AEBE /* RealmData.swift */ = {isa = PBXFileReference; lastKnownFileType = sourcecode.swift; path = RealmData.swift; sourceTree = "<group>"; };
		B72ADF821FE0DCCE00C01215 /* Methods.swift */ = {isa = PBXFileReference; lastKnownFileType = sourcecode.swift; path = Methods.swift; sourceTree = "<group>"; };
		B72ADF841FE0DDC400C01215 /* Properties.swift */ = {isa = PBXFileReference; lastKnownFileType = sourcecode.swift; path = Properties.swift; sourceTree = "<group>"; };
		B73914591FD2101200028ED7 /* Assets.xcassets */ = {isa = PBXFileReference; lastKnownFileType = folder.assetcatalog; path = Assets.xcassets; sourceTree = "<group>"; };
		B739145B1FD210EF00028ED7 /* FolderTableViewCell.swift */ = {isa = PBXFileReference; lastKnownFileType = sourcecode.swift; path = FolderTableViewCell.swift; sourceTree = "<group>"; };
		B74613A11FD587CA00A35836 /* LinkViewController.swift */ = {isa = PBXFileReference; lastKnownFileType = sourcecode.swift; path = LinkViewController.swift; sourceTree = "<group>"; };
		B74613A31FD587EF00A35836 /* LinkTableViewCell.swift */ = {isa = PBXFileReference; lastKnownFileType = sourcecode.swift; path = LinkTableViewCell.swift; sourceTree = "<group>"; };
		B7699E961FDCE77B008F4DF1 /* LinkModel.swift */ = {isa = PBXFileReference; lastKnownFileType = sourcecode.swift; path = LinkModel.swift; sourceTree = "<group>"; };
		B7797E561FD3F97F00389D1F /* FolderName.swift */ = {isa = PBXFileReference; lastKnownFileType = sourcecode.swift; path = FolderName.swift; sourceTree = "<group>"; };
		B7A7A7EF1FCEE09400654CCB /* Linkle.app */ = {isa = PBXFileReference; explicitFileType = wrapper.application; includeInIndex = 0; path = Linkle.app; sourceTree = BUILT_PRODUCTS_DIR; };
		B7A7A7F21FCEE09400654CCB /* AppDelegate.swift */ = {isa = PBXFileReference; lastKnownFileType = sourcecode.swift; path = AppDelegate.swift; sourceTree = "<group>"; };
		B7A7A7F41FCEE09400654CCB /* ViewController.swift */ = {isa = PBXFileReference; lastKnownFileType = sourcecode.swift; path = ViewController.swift; sourceTree = "<group>"; };
		B7A7A7F71FCEE09400654CCB /* Base */ = {isa = PBXFileReference; lastKnownFileType = file.storyboard; name = Base; path = Base.lproj/Main.storyboard; sourceTree = "<group>"; };
		B7A7A7FC1FCEE09400654CCB /* Base */ = {isa = PBXFileReference; lastKnownFileType = file.storyboard; name = Base; path = Base.lproj/LaunchScreen.storyboard; sourceTree = "<group>"; };
		B7A7A7FE1FCEE09400654CCB /* Info.plist */ = {isa = PBXFileReference; lastKnownFileType = text.plist.xml; path = Info.plist; sourceTree = "<group>"; };
		B7AECE132014318000AF5E5A /* extension.swift */ = {isa = PBXFileReference; lastKnownFileType = sourcecode.swift; path = extension.swift; sourceTree = "<group>"; };
		CBD6ED7C69DD76E0A2B584E5 /* Pods-Linkle.debug.xcconfig */ = {isa = PBXFileReference; includeInIndex = 1; lastKnownFileType = text.xcconfig; name = "Pods-Linkle.debug.xcconfig"; path = "Pods/Target Support Files/Pods-Linkle/Pods-Linkle.debug.xcconfig"; sourceTree = "<group>"; };
/* End PBXFileReference section */

/* Begin PBXFrameworksBuildPhase section */
		B7A7A7EC1FCEE09400654CCB /* Frameworks */ = {
			isa = PBXFrameworksBuildPhase;
			buildActionMask = 2147483647;
			files = (
				25F3731240059F38AD67B60D /* Pods_Linkle.framework in Frameworks */,
			);
			runOnlyForDeploymentPostprocessing = 0;
		};
/* End PBXFrameworksBuildPhase section */

/* Begin PBXGroup section */
		7B8A7F6BFBEF47EF55B13B26 /* Frameworks */ = {
			isa = PBXGroup;
			children = (
				8A6E12EBFC2AAB3077DF1F18 /* Pods_Linkle.framework */,
			);
			name = Frameworks;
			sourceTree = "<group>";
		};
		B746139A1FD5850800A35836 /* Views */ = {
			isa = PBXGroup;
			children = (
				B7AECE122014316700AF5E5A /* Extension */,
				B746139C1FD5854400A35836 /* Storyboards */,
				B746139B1FD5852100A35836 /* Cells */,
			);
			path = Views;
			sourceTree = "<group>";
		};
		B746139B1FD5852100A35836 /* Cells */ = {
			isa = PBXGroup;
			children = (
				B739145B1FD210EF00028ED7 /* FolderTableViewCell.swift */,
				B74613A31FD587EF00A35836 /* LinkTableViewCell.swift */,
			);
			path = Cells;
			sourceTree = "<group>";
		};
		B746139C1FD5854400A35836 /* Storyboards */ = {
			isa = PBXGroup;
			children = (
				B7A7A7F61FCEE09400654CCB /* Main.storyboard */,
				B7A7A7FB1FCEE09400654CCB /* LaunchScreen.storyboard */,
			);
			path = Storyboards;
			sourceTree = "<group>";
		};
		B746139D1FD585D600A35836 /* Library */ = {
			isa = PBXGroup;
			children = (
				B746139E1FD585E000A35836 /* Realm */,
			);
			path = Library;
			sourceTree = "<group>";
		};
		B746139E1FD585E000A35836 /* Realm */ = {
			isa = PBXGroup;
			children = (
				B7797E561FD3F97F00389D1F /* FolderName.swift */,
				B7221FE11FDE53DA0055AEBE /* RealmData.swift */,
				B7699E961FDCE77B008F4DF1 /* LinkModel.swift */,
			);
			path = Realm;
			sourceTree = "<group>";
		};
		B746139F1FD585F100A35836 /* ViewControllers */ = {
			isa = PBXGroup;
			children = (
				B7A7A7F41FCEE09400654CCB /* ViewController.swift */,
				B74613A11FD587CA00A35836 /* LinkViewController.swift */,
			);
			path = ViewControllers;
			sourceTree = "<group>";
		};
		B74613A01FD5864000A35836 /* General */ = {
			isa = PBXGroup;
			children = (
				B7A7A7F21FCEE09400654CCB /* AppDelegate.swift */,
				B72ADF821FE0DCCE00C01215 /* Methods.swift */,
				B72ADF841FE0DDC400C01215 /* Properties.swift */,
			);
			path = General;
			sourceTree = "<group>";
		};
		B7A7A7E61FCEE09400654CCB = {
			isa = PBXGroup;
			children = (
				B7A7A7F11FCEE09400654CCB /* Linkle */,
				B7A7A7F01FCEE09400654CCB /* Products */,
				F5FF2062FE08092CBC72C5FF /* Pods */,
				7B8A7F6BFBEF47EF55B13B26 /* Frameworks */,
			);
			sourceTree = "<group>";
		};
		B7A7A7F01FCEE09400654CCB /* Products */ = {
			isa = PBXGroup;
			children = (
				B7A7A7EF1FCEE09400654CCB /* Linkle.app */,
			);
			name = Products;
			sourceTree = "<group>";
		};
		B7A7A7F11FCEE09400654CCB /* Linkle */ = {
			isa = PBXGroup;
			children = (
				B746139F1FD585F100A35836 /* ViewControllers */,
				B746139A1FD5850800A35836 /* Views */,
				B746139D1FD585D600A35836 /* Library */,
				B74613A01FD5864000A35836 /* General */,
				B73914591FD2101200028ED7 /* Assets.xcassets */,
				B7A7A7FE1FCEE09400654CCB /* Info.plist */,
			);
			path = Linkle;
			sourceTree = "<group>";
		};
		B7AECE122014316700AF5E5A /* Extension */ = {
			isa = PBXGroup;
			children = (
				B7AECE132014318000AF5E5A /* extension.swift */,
			);
			path = Extension;
			sourceTree = "<group>";
		};
		F5FF2062FE08092CBC72C5FF /* Pods */ = {
			isa = PBXGroup;
			children = (
				CBD6ED7C69DD76E0A2B584E5 /* Pods-Linkle.debug.xcconfig */,
				75CDE0B05995BFD701F669DB /* Pods-Linkle.release.xcconfig */,
			);
			name = Pods;
			sourceTree = "<group>";
		};
/* End PBXGroup section */

/* Begin PBXNativeTarget section */
		B7A7A7EE1FCEE09400654CCB /* Linkle */ = {
			isa = PBXNativeTarget;
			buildConfigurationList = B7A7A8011FCEE09400654CCB /* Build configuration list for PBXNativeTarget "Linkle" */;
			buildPhases = (
				DAACB045D410B057FACFF974 /* [CP] Check Pods Manifest.lock */,
				B7A7A7EB1FCEE09400654CCB /* Sources */,
				B7A7A7EC1FCEE09400654CCB /* Frameworks */,
				B7A7A7ED1FCEE09400654CCB /* Resources */,
				6A55D19DFF63677A83F73520 /* [CP] Embed Pods Frameworks */,
				B2D27388C186F1FEC636D631 /* [CP] Copy Pods Resources */,
			);
			buildRules = (
			);
			dependencies = (
			);
			name = Linkle;
			productName = Linkle;
			productReference = B7A7A7EF1FCEE09400654CCB /* Linkle.app */;
			productType = "com.apple.product-type.application";
		};
/* End PBXNativeTarget section */

/* Begin PBXProject section */
		B7A7A7E71FCEE09400654CCB /* Project object */ = {
			isa = PBXProject;
			attributes = {
				LastSwiftUpdateCheck = 0910;
				LastUpgradeCheck = 0910;
				ORGANIZATIONNAME = yujiro_saito;
				TargetAttributes = {
					B7A7A7EE1FCEE09400654CCB = {
						CreatedOnToolsVersion = 9.1;
						ProvisioningStyle = Automatic;
					};
				};
			};
			buildConfigurationList = B7A7A7EA1FCEE09400654CCB /* Build configuration list for PBXProject "Linkle" */;
			compatibilityVersion = "Xcode 8.0";
			developmentRegion = en;
			hasScannedForEncodings = 0;
			knownRegions = (
				en,
				Base,
			);
			mainGroup = B7A7A7E61FCEE09400654CCB;
			productRefGroup = B7A7A7F01FCEE09400654CCB /* Products */;
			projectDirPath = "";
			projectRoot = "";
			targets = (
				B7A7A7EE1FCEE09400654CCB /* Linkle */,
			);
		};
/* End PBXProject section */

/* Begin PBXResourcesBuildPhase section */
		B7A7A7ED1FCEE09400654CCB /* Resources */ = {
			isa = PBXResourcesBuildPhase;
			buildActionMask = 2147483647;
			files = (
				B7A7A7FD1FCEE09400654CCB /* LaunchScreen.storyboard in Resources */,
				B739145A1FD2101200028ED7 /* Assets.xcassets in Resources */,
				B7A7A7F81FCEE09400654CCB /* Main.storyboard in Resources */,
			);
			runOnlyForDeploymentPostprocessing = 0;
		};
/* End PBXResourcesBuildPhase section */

/* Begin PBXShellScriptBuildPhase section */
		6A55D19DFF63677A83F73520 /* [CP] Embed Pods Frameworks */ = {
			isa = PBXShellScriptBuildPhase;
			buildActionMask = 2147483647;
			files = (
			);
			inputPaths = (
				"${SRCROOT}/Pods/Target Support Files/Pods-Linkle/Pods-Linkle-frameworks.sh",
				"${BUILT_PRODUCTS_DIR}/Ji/Ji.framework",
				"${BUILT_PRODUCTS_DIR}/NVActivityIndicatorView/NVActivityIndicatorView.framework",
				"${BUILT_PRODUCTS_DIR}/Realm/Realm.framework",
				"${BUILT_PRODUCTS_DIR}/RealmSwift/RealmSwift.framework",
			);
			name = "[CP] Embed Pods Frameworks";
			outputPaths = (
				"${TARGET_BUILD_DIR}/${FRAMEWORKS_FOLDER_PATH}/Ji.framework",
				"${TARGET_BUILD_DIR}/${FRAMEWORKS_FOLDER_PATH}/NVActivityIndicatorView.framework",
				"${TARGET_BUILD_DIR}/${FRAMEWORKS_FOLDER_PATH}/Realm.framework",
				"${TARGET_BUILD_DIR}/${FRAMEWORKS_FOLDER_PATH}/RealmSwift.framework",
			);
			runOnlyForDeploymentPostprocessing = 0;
			shellPath = /bin/sh;
			shellScript = "\"${SRCROOT}/Pods/Target Support Files/Pods-Linkle/Pods-Linkle-frameworks.sh\"\n";
			showEnvVarsInLog = 0;
		};
		B2D27388C186F1FEC636D631 /* [CP] Copy Pods Resources */ = {
			isa = PBXShellScriptBuildPhase;
			buildActionMask = 2147483647;
			files = (
			);
			inputPaths = (
			);
			name = "[CP] Copy Pods Resources";
			outputPaths = (
			);
			runOnlyForDeploymentPostprocessing = 0;
			shellPath = /bin/sh;
			shellScript = "\"${SRCROOT}/Pods/Target Support Files/Pods-Linkle/Pods-Linkle-resources.sh\"\n";
			showEnvVarsInLog = 0;
		};
		DAACB045D410B057FACFF974 /* [CP] Check Pods Manifest.lock */ = {
			isa = PBXShellScriptBuildPhase;
			buildActionMask = 2147483647;
			files = (
			);
			inputPaths = (
				"${PODS_PODFILE_DIR_PATH}/Podfile.lock",
				"${PODS_ROOT}/Manifest.lock",
			);
			name = "[CP] Check Pods Manifest.lock";
			outputPaths = (
				"$(DERIVED_FILE_DIR)/Pods-Linkle-checkManifestLockResult.txt",
			);
			runOnlyForDeploymentPostprocessing = 0;
			shellPath = /bin/sh;
			shellScript = "diff \"${PODS_PODFILE_DIR_PATH}/Podfile.lock\" \"${PODS_ROOT}/Manifest.lock\" > /dev/null\nif [ $? != 0 ] ; then\n    # print error to STDERR\n    echo \"error: The sandbox is not in sync with the Podfile.lock. Run 'pod install' or update your CocoaPods installation.\" >&2\n    exit 1\nfi\n# This output is used by Xcode 'outputs' to avoid re-running this script phase.\necho \"SUCCESS\" > \"${SCRIPT_OUTPUT_FILE_0}\"\n";
			showEnvVarsInLog = 0;
		};
/* End PBXShellScriptBuildPhase section */

/* Begin PBXSourcesBuildPhase section */
		B7A7A7EB1FCEE09400654CCB /* Sources */ = {
			isa = PBXSourcesBuildPhase;
			buildActionMask = 2147483647;
			files = (
				B7699E971FDCE77B008F4DF1 /* LinkModel.swift in Sources */,
				B72ADF831FE0DCCE00C01215 /* Methods.swift in Sources */,
				B7797E571FD3F97F00389D1F /* FolderName.swift in Sources */,
				B7A7A7F51FCEE09400654CCB /* ViewController.swift in Sources */,
				B74613A21FD587CA00A35836 /* LinkViewController.swift in Sources */,
				B7A7A7F31FCEE09400654CCB /* AppDelegate.swift in Sources */,
				B7221FE21FDE53DA0055AEBE /* RealmData.swift in Sources */,
				B7AECE142014318000AF5E5A /* extension.swift in Sources */,
				B739145C1FD210EF00028ED7 /* FolderTableViewCell.swift in Sources */,
				B72ADF851FE0DDC400C01215 /* Properties.swift in Sources */,
				B74613A41FD587EF00A35836 /* LinkTableViewCell.swift in Sources */,
			);
			runOnlyForDeploymentPostprocessing = 0;
		};
/* End PBXSourcesBuildPhase section */

/* Begin PBXVariantGroup section */
		B7A7A7F61FCEE09400654CCB /* Main.storyboard */ = {
			isa = PBXVariantGroup;
			children = (
				B7A7A7F71FCEE09400654CCB /* Base */,
			);
			name = Main.storyboard;
			sourceTree = "<group>";
		};
		B7A7A7FB1FCEE09400654CCB /* LaunchScreen.storyboard */ = {
			isa = PBXVariantGroup;
			children = (
				B7A7A7FC1FCEE09400654CCB /* Base */,
			);
			name = LaunchScreen.storyboard;
			sourceTree = "<group>";
		};
/* End PBXVariantGroup section */

/* Begin XCBuildConfiguration section */
		B7A7A7FF1FCEE09400654CCB /* Debug */ = {
			isa = XCBuildConfiguration;
			buildSettings = {
				ALWAYS_SEARCH_USER_PATHS = NO;
				CLANG_ANALYZER_NONNULL = YES;
				CLANG_ANALYZER_NUMBER_OBJECT_CONVERSION = YES_AGGRESSIVE;
				CLANG_CXX_LANGUAGE_STANDARD = "gnu++14";
				CLANG_CXX_LIBRARY = "libc++";
				CLANG_ENABLE_MODULES = YES;
				CLANG_ENABLE_OBJC_ARC = YES;
				CLANG_WARN_BLOCK_CAPTURE_AUTORELEASING = YES;
				CLANG_WARN_BOOL_CONVERSION = YES;
				CLANG_WARN_COMMA = YES;
				CLANG_WARN_CONSTANT_CONVERSION = YES;
				CLANG_WARN_DIRECT_OBJC_ISA_USAGE = YES_ERROR;
				CLANG_WARN_DOCUMENTATION_COMMENTS = YES;
				CLANG_WARN_EMPTY_BODY = YES;
				CLANG_WARN_ENUM_CONVERSION = YES;
				CLANG_WARN_INFINITE_RECURSION = YES;
				CLANG_WARN_INT_CONVERSION = YES;
				CLANG_WARN_NON_LITERAL_NULL_CONVERSION = YES;
				CLANG_WARN_OBJC_LITERAL_CONVERSION = YES;
				CLANG_WARN_OBJC_ROOT_CLASS = YES_ERROR;
				CLANG_WARN_RANGE_LOOP_ANALYSIS = YES;
				CLANG_WARN_STRICT_PROTOTYPES = YES;
				CLANG_WARN_SUSPICIOUS_MOVE = YES;
				CLANG_WARN_UNGUARDED_AVAILABILITY = YES_AGGRESSIVE;
				CLANG_WARN_UNREACHABLE_CODE = YES;
				CLANG_WARN__DUPLICATE_METHOD_MATCH = YES;
				CODE_SIGN_IDENTITY = "iPhone Developer";
				COPY_PHASE_STRIP = NO;
				DEBUG_INFORMATION_FORMAT = dwarf;
				ENABLE_STRICT_OBJC_MSGSEND = YES;
				ENABLE_TESTABILITY = YES;
				GCC_C_LANGUAGE_STANDARD = gnu11;
				GCC_DYNAMIC_NO_PIC = NO;
				GCC_NO_COMMON_BLOCKS = YES;
				GCC_OPTIMIZATION_LEVEL = 0;
				GCC_PREPROCESSOR_DEFINITIONS = (
					"DEBUG=1",
					"$(inherited)",
				);
				GCC_WARN_64_TO_32_BIT_CONVERSION = YES;
				GCC_WARN_ABOUT_RETURN_TYPE = YES_ERROR;
				GCC_WARN_UNDECLARED_SELECTOR = YES;
				GCC_WARN_UNINITIALIZED_AUTOS = YES_AGGRESSIVE;
				GCC_WARN_UNUSED_FUNCTION = YES;
				GCC_WARN_UNUSED_VARIABLE = YES;
				IPHONEOS_DEPLOYMENT_TARGET = 11.0;
				MTL_ENABLE_DEBUG_INFO = YES;
				ONLY_ACTIVE_ARCH = YES;
				SDKROOT = iphoneos;
				SWIFT_ACTIVE_COMPILATION_CONDITIONS = DEBUG;
				SWIFT_OPTIMIZATION_LEVEL = "-Onone";
			};
			name = Debug;
		};
		B7A7A8001FCEE09400654CCB /* Release */ = {
			isa = XCBuildConfiguration;
			buildSettings = {
				ALWAYS_SEARCH_USER_PATHS = NO;
				CLANG_ANALYZER_NONNULL = YES;
				CLANG_ANALYZER_NUMBER_OBJECT_CONVERSION = YES_AGGRESSIVE;
				CLANG_CXX_LANGUAGE_STANDARD = "gnu++14";
				CLANG_CXX_LIBRARY = "libc++";
				CLANG_ENABLE_MODULES = YES;
				CLANG_ENABLE_OBJC_ARC = YES;
				CLANG_WARN_BLOCK_CAPTURE_AUTORELEASING = YES;
				CLANG_WARN_BOOL_CONVERSION = YES;
				CLANG_WARN_COMMA = YES;
				CLANG_WARN_CONSTANT_CONVERSION = YES;
				CLANG_WARN_DIRECT_OBJC_ISA_USAGE = YES_ERROR;
				CLANG_WARN_DOCUMENTATION_COMMENTS = YES;
				CLANG_WARN_EMPTY_BODY = YES;
				CLANG_WARN_ENUM_CONVERSION = YES;
				CLANG_WARN_INFINITE_RECURSION = YES;
				CLANG_WARN_INT_CONVERSION = YES;
				CLANG_WARN_NON_LITERAL_NULL_CONVERSION = YES;
				CLANG_WARN_OBJC_LITERAL_CONVERSION = YES;
				CLANG_WARN_OBJC_ROOT_CLASS = YES_ERROR;
				CLANG_WARN_RANGE_LOOP_ANALYSIS = YES;
				CLANG_WARN_STRICT_PROTOTYPES = YES;
				CLANG_WARN_SUSPICIOUS_MOVE = YES;
				CLANG_WARN_UNGUARDED_AVAILABILITY = YES_AGGRESSIVE;
				CLANG_WARN_UNREACHABLE_CODE = YES;
				CLANG_WARN__DUPLICATE_METHOD_MATCH = YES;
				CODE_SIGN_IDENTITY = "iPhone Developer";
				COPY_PHASE_STRIP = NO;
				DEBUG_INFORMATION_FORMAT = "dwarf-with-dsym";
				ENABLE_NS_ASSERTIONS = NO;
				ENABLE_STRICT_OBJC_MSGSEND = YES;
				GCC_C_LANGUAGE_STANDARD = gnu11;
				GCC_NO_COMMON_BLOCKS = YES;
				GCC_WARN_64_TO_32_BIT_CONVERSION = YES;
				GCC_WARN_ABOUT_RETURN_TYPE = YES_ERROR;
				GCC_WARN_UNDECLARED_SELECTOR = YES;
				GCC_WARN_UNINITIALIZED_AUTOS = YES_AGGRESSIVE;
				GCC_WARN_UNUSED_FUNCTION = YES;
				GCC_WARN_UNUSED_VARIABLE = YES;
				IPHONEOS_DEPLOYMENT_TARGET = 11.0;
				MTL_ENABLE_DEBUG_INFO = NO;
				SDKROOT = iphoneos;
				SWIFT_OPTIMIZATION_LEVEL = "-Owholemodule";
				VALIDATE_PRODUCT = YES;
			};
			name = Release;
		};
		B7A7A8021FCEE09400654CCB /* Debug */ = {
			isa = XCBuildConfiguration;
			baseConfigurationReference = CBD6ED7C69DD76E0A2B584E5 /* Pods-Linkle.debug.xcconfig */;
			buildSettings = {
				ASSETCATALOG_COMPILER_APPICON_NAME = AppIcon;
				CODE_SIGN_STYLE = Automatic;
				DEVELOPMENT_TEAM = 4Z7E4P5NG8;
				INFOPLIST_FILE = Linkle/Info.plist;
				LD_RUNPATH_SEARCH_PATHS = "$(inherited) @executable_path/Frameworks";
				PRODUCT_BUNDLE_IDENTIFIER = yujirone006.com.Linkle;
				PRODUCT_NAME = "$(TARGET_NAME)";
				SWIFT_VERSION = 4.0;
				TARGETED_DEVICE_FAMILY = "1,2";
			};
			name = Debug;
		};
		B7A7A8031FCEE09400654CCB /* Release */ = {
			isa = XCBuildConfiguration;
			baseConfigurationReference = 75CDE0B05995BFD701F669DB /* Pods-Linkle.release.xcconfig */;
			buildSettings = {
				ASSETCATALOG_COMPILER_APPICON_NAME = AppIcon;
				CODE_SIGN_STYLE = Automatic;
				DEVELOPMENT_TEAM = 4Z7E4P5NG8;
				INFOPLIST_FILE = Linkle/Info.plist;
				LD_RUNPATH_SEARCH_PATHS = "$(inherited) @executable_path/Frameworks";
				PRODUCT_BUNDLE_IDENTIFIER = yujirone006.com.Linkle;
				PRODUCT_NAME = "$(TARGET_NAME)";
				SWIFT_VERSION = 4.0;
				TARGETED_DEVICE_FAMILY = "1,2";
			};
			name = Release;
		};
/* End XCBuildConfiguration section */

/* Begin XCConfigurationList section */
		B7A7A7EA1FCEE09400654CCB /* Build configuration list for PBXProject "Linkle" */ = {
			isa = XCConfigurationList;
			buildConfigurations = (
				B7A7A7FF1FCEE09400654CCB /* Debug */,
				B7A7A8001FCEE09400654CCB /* Release */,
			);
			defaultConfigurationIsVisible = 0;
			defaultConfigurationName = Release;
		};
		B7A7A8011FCEE09400654CCB /* Build configuration list for PBXNativeTarget "Linkle" */ = {
			isa = XCConfigurationList;
			buildConfigurations = (
				B7A7A8021FCEE09400654CCB /* Debug */,
				B7A7A8031FCEE09400654CCB /* Release */,
			);
			defaultConfigurationIsVisible = 0;
			defaultConfigurationName = Release;
		};
/* End XCConfigurationList section */
	};
	rootObject = B7A7A7E71FCEE09400654CCB /* Project object */;
}
