// !$*UTF8*$!
{
	archiveVersion = 1;
	classes = {
	};
	objectVersion = 48;
	objects = {

/* Begin PBXBuildFile section */
		B7A7A7F31FCEE09400654CCB /* AppDelegate.swift in Sources */ = {isa = PBXBuildFile; fileRef = B7A7A7F21FCEE09400654CCB /* AppDelegate.swift */; };
		B7A7A7F51FCEE09400654CCB /* ViewController.swift in Sources */ = {isa = PBXBuildFile; fileRef = B7A7A7F41FCEE09400654CCB /* ViewController.swift */; };
		B7A7A7F81FCEE09400654CCB /* Main.storyboard in Resources */ = {isa = PBXBuildFile; fileRef = B7A7A7F61FCEE09400654CCB /* Main.storyboard */; };
		B7A7A7FA1FCEE09400654CCB /* Assets.xcassets in Resources */ = {isa = PBXBuildFile; fileRef = B7A7A7F91FCEE09400654CCB /* Assets.xcassets */; };
		B7A7A7FD1FCEE09400654CCB /* LaunchScreen.storyboard in Resources */ = {isa = PBXBuildFile; fileRef = B7A7A7FB1FCEE09400654CCB /* LaunchScreen.storyboard */; };
/* End PBXBuildFile section */

/* Begin PBXFileReference section */
		B7A7A7EF1FCEE09400654CCB /* Linkle.app */ = {isa = PBXFileReference; explicitFileType = wrapper.application; includeInIndex = 0; path = Linkle.app; sourceTree = BUILT_PRODUCTS_DIR; };
		B7A7A7F21FCEE09400654CCB /* AppDelegate.swift */ = {isa = PBXFileReference; lastKnownFileType = sourcecode.swift; path = AppDelegate.swift; sourceTree = "<group>"; };
		B7A7A7F41FCEE09400654CCB /* ViewController.swift */ = {isa = PBXFileReference; lastKnownFileType = sourcecode.swift; path = ViewController.swift; sourceTree = "<group>"; };
		B7A7A7F71FCEE09400654CCB /* Base */ = {isa = PBXFileReference; lastKnownFileType = file.storyboard; name = Base; path = Base.lproj/Main.storyboard; sourceTree = "<group>"; };
		B7A7A7F91FCEE09400654CCB /* Assets.xcassets */ = {isa = PBXFileReference; lastKnownFileType = folder.assetcatalog; path = Assets.xcassets; sourceTree = "<group>"; };
		B7A7A7FC1FCEE09400654CCB /* Base */ = {isa = PBXFileReference; lastKnownFileType = file.storyboard; name = Base; path = Base.lproj/LaunchScreen.storyboard; sourceTree = "<group>"; };
		B7A7A7FE1FCEE09400654CCB /* Info.plist */ = {isa = PBXFileReference; lastKnownFileType = text.plist.xml; path = Info.plist; sourceTree = "<group>"; };
/* End PBXFileReference section */

/* Begin PBXFrameworksBuildPhase section */
		B7A7A7EC1FCEE09400654CCB /* Frameworks */ = {
			isa = PBXFrameworksBuildPhase;
			buildActionMask = 2147483647;
			files = (
			);
			runOnlyForDeploymentPostprocessing = 0;
		};
/* End PBXFrameworksBuildPhase section */

/* Begin PBXGroup section */
		B7A7A7E61FCEE09400654CCB = {
			isa = PBXGroup;
			children = (
				B7A7A7F11FCEE09400654CCB /* Linkle */,
				B7A7A7F01FCEE09400654CCB /* Products */,
			);
			sourceTree = "<group>";
		};
		B7A7A7F01FCEE09400654CCB /* Products */ = {
			isa = PBXGroup;
			children = (
				B7A7A7EF1FCEE09400654CCB /* Linkle.app */,
			);
			name = Products;
			sourceTree = "<group>";
		};
		B7A7A7F11FCEE09400654CCB /* Linkle */ = {
			isa = PBXGroup;
			children = (
				B7A7A7F21FCEE09400654CCB /* AppDelegate.swift */,
				B7A7A7F41FCEE09400654CCB /* ViewController.swift */,
				B7A7A7F61FCEE09400654CCB /* Main.storyboard */,
				B7A7A7F91FCEE09400654CCB /* Assets.xcassets */,
				B7A7A7FB1FCEE09400654CCB /* LaunchScreen.storyboard */,
				B7A7A7FE1FCEE09400654CCB /* Info.plist */,
			);
			path = Linkle;
			sourceTree = "<group>";
		};
/* End PBXGroup section */

/* Begin PBXNativeTarget section */
		B7A7A7EE1FCEE09400654CCB /* Linkle */ = {
			isa = PBXNativeTarget;
			buildConfigurationList = B7A7A8011FCEE09400654CCB /* Build configuration list for PBXNativeTarget "Linkle" */;
			buildPhases = (
				B7A7A7EB1FCEE09400654CCB /* Sources */,
				B7A7A7EC1FCEE09400654CCB /* Frameworks */,
				B7A7A7ED1FCEE09400654CCB /* Resources */,
			);
			buildRules = (
			);
			dependencies = (
			);
			name = Linkle;
			productName = Linkle;
			productReference = B7A7A7EF1FCEE09400654CCB /* Linkle.app */;
			productType = "com.apple.product-type.application";
		};
/* End PBXNativeTarget section */

/* Begin PBXProject section */
		B7A7A7E71FCEE09400654CCB /* Project object */ = {
			isa = PBXProject;
			attributes = {
				LastSwiftUpdateCheck = 0910;
				LastUpgradeCheck = 0910;
				ORGANIZATIONNAME = yujiro_saito;
				TargetAttributes = {
					B7A7A7EE1FCEE09400654CCB = {
						CreatedOnToolsVersion = 9.1;
						ProvisioningStyle = Automatic;
					};
				};
			};
			buildConfigurationList = B7A7A7EA1FCEE09400654CCB /* Build configuration list for PBXProject "Linkle" */;
			compatibilityVersion = "Xcode 8.0";
			developmentRegion = en;
			hasScannedForEncodings = 0;
			knownRegions = (
				en,
				Base,
			);
			mainGroup = B7A7A7E61FCEE09400654CCB;
			productRefGroup = B7A7A7F01FCEE09400654CCB /* Products */;
			projectDirPath = "";
			projectRoot = "";
			targets = (
				B7A7A7EE1FCEE09400654CCB /* Linkle */,
			);
		};
/* End PBXProject section */

/* Begin PBXResourcesBuildPhase section */
		B7A7A7ED1FCEE09400654CCB /* Resources */ = {
			isa = PBXResourcesBuildPhase;
			buildActionMask = 2147483647;
			files = (
				B7A7A7FD1FCEE09400654CCB /* LaunchScreen.storyboard in Resources */,
				B7A7A7FA1FCEE09400654CCB /* Assets.xcassets in Resources */,
				B7A7A7F81FCEE09400654CCB /* Main.storyboard in Resources */,
			);
			runOnlyForDeploymentPostprocessing = 0;
		};
/* End PBXResourcesBuildPhase section */

/* Begin PBXSourcesBuildPhase section */
		B7A7A7EB1FCEE09400654CCB /* Sources */ = {
			isa = PBXSourcesBuildPhase;
			buildActionMask = 2147483647;
			files = (
				B7A7A7F51FCEE09400654CCB /* ViewController.swift in Sources */,
				B7A7A7F31FCEE09400654CCB /* AppDelegate.swift in Sources */,
			);
			runOnlyForDeploymentPostprocessing = 0;
		};
/* End PBXSourcesBuildPhase section */

/* Begin PBXVariantGroup section */
		B7A7A7F61FCEE09400654CCB /* Main.storyboard */ = {
			isa = PBXVariantGroup;
			children = (
				B7A7A7F71FCEE09400654CCB /* Base */,
			);
			name = Main.storyboard;
			sourceTree = "<group>";
		};
		B7A7A7FB1FCEE09400654CCB /* LaunchScreen.storyboard */ = {
			isa = PBXVariantGroup;
			children = (
				B7A7A7FC1FCEE09400654CCB /* Base */,
			);
			name = LaunchScreen.storyboard;
			sourceTree = "<group>";
		};
/* End PBXVariantGroup section */

/* Begin XCBuildConfiguration section */
		B7A7A7FF1FCEE09400654CCB /* Debug */ = {
			isa = XCBuildConfiguration;
			buildSettings = {
				ALWAYS_SEARCH_USER_PATHS = NO;
				CLANG_ANALYZER_NONNULL = YES;
				CLANG_ANALYZER_NUMBER_OBJECT_CONVERSION = YES_AGGRESSIVE;
				CLANG_CXX_LANGUAGE_STANDARD = "gnu++14";
				CLANG_CXX_LIBRARY = "libc++";
				CLANG_ENABLE_MODULES = YES;
				CLANG_ENABLE_OBJC_ARC = YES;
				CLANG_WARN_BLOCK_CAPTURE_AUTORELEASING = YES;
				CLANG_WARN_BOOL_CONVERSION = YES;
				CLANG_WARN_COMMA = YES;
				CLANG_WARN_CONSTANT_CONVERSION = YES;
				CLANG_WARN_DIRECT_OBJC_ISA_USAGE = YES_ERROR;
				CLANG_WARN_DOCUMENTATION_COMMENTS = YES;
				CLANG_WARN_EMPTY_BODY = YES;
				CLANG_WARN_ENUM_CONVERSION = YES;
				CLANG_WARN_INFINITE_RECURSION = YES;
				CLANG_WARN_INT_CONVERSION = YES;
				CLANG_WARN_NON_LITERAL_NULL_CONVERSION = YES;
				CLANG_WARN_OBJC_LITERAL_CONVERSION = YES;
				CLANG_WARN_OBJC_ROOT_CLASS = YES_ERROR;
				CLANG_WARN_RANGE_LOOP_ANALYSIS = YES;
				CLANG_WARN_STRICT_PROTOTYPES = YES;
				CLANG_WARN_SUSPICIOUS_MOVE = YES;
				CLANG_WARN_UNGUARDED_AVAILABILITY = YES_AGGRESSIVE;
				CLANG_WARN_UNREACHABLE_CODE = YES;
				CLANG_WARN__DUPLICATE_METHOD_MATCH = YES;
				CODE_SIGN_IDENTITY = "iPhone Developer";
				COPY_PHASE_STRIP = NO;
				DEBUG_INFORMATION_FORMAT = dwarf;
				ENABLE_STRICT_OBJC_MSGSEND = YES;
				ENABLE_TESTABILITY = YES;
				GCC_C_LANGUAGE_STANDARD = gnu11;
				GCC_DYNAMIC_NO_PIC = NO;
				GCC_NO_COMMON_BLOCKS = YES;
				GCC_OPTIMIZATION_LEVEL = 0;
				GCC_PREPROCESSOR_DEFINITIONS = (
					"DEBUG=1",
					"$(inherited)",
				);
				GCC_WARN_64_TO_32_BIT_CONVERSION = YES;
				GCC_WARN_ABOUT_RETURN_TYPE = YES_ERROR;
				GCC_WARN_UNDECLARED_SELECTOR = YES;
				GCC_WARN_UNINITIALIZED_AUTOS = YES_AGGRESSIVE;
				GCC_WARN_UNUSED_FUNCTION = YES;
				GCC_WARN_UNUSED_VARIABLE = YES;
				IPHONEOS_DEPLOYMENT_TARGET = 11.1;
				MTL_ENABLE_DEBUG_INFO = YES;
				ONLY_ACTIVE_ARCH = YES;
				SDKROOT = iphoneos;
				SWIFT_ACTIVE_COMPILATION_CONDITIONS = DEBUG;
				SWIFT_OPTIMIZATION_LEVEL = "-Onone";
			};
			name = Debug;
		};
		B7A7A8001FCEE09400654CCB /* Release */ = {
			isa = XCBuildConfiguration;
			buildSettings = {
				ALWAYS_SEARCH_USER_PATHS = NO;
				CLANG_ANALYZER_NONNULL = YES;
				CLANG_ANALYZER_NUMBER_OBJECT_CONVERSION = YES_AGGRESSIVE;
				CLANG_CXX_LANGUAGE_STANDARD = "gnu++14";
				CLANG_CXX_LIBRARY = "libc++";
				CLANG_ENABLE_MODULES = YES;
				CLANG_ENABLE_OBJC_ARC = YES;
				CLANG_WARN_BLOCK_CAPTURE_AUTORELEASING = YES;
				CLANG_WARN_BOOL_CONVERSION = YES;
				CLANG_WARN_COMMA = YES;
				CLANG_WARN_CONSTANT_CONVERSION = YES;
				CLANG_WARN_DIRECT_OBJC_ISA_USAGE = YES_ERROR;
				CLANG_WARN_DOCUMENTATION_COMMENTS = YES;
				CLANG_WARN_EMPTY_BODY = YES;
				CLANG_WARN_ENUM_CONVERSION = YES;
				CLANG_WARN_INFINITE_RECURSION = YES;
				CLANG_WARN_INT_CONVERSION = YES;
				CLANG_WARN_NON_LITERAL_NULL_CONVERSION = YES;
				CLANG_WARN_OBJC_LITERAL_CONVERSION = YES;
				CLANG_WARN_OBJC_ROOT_CLASS = YES_ERROR;
				CLANG_WARN_RANGE_LOOP_ANALYSIS = YES;
				CLANG_WARN_STRICT_PROTOTYPES = YES;
				CLANG_WARN_SUSPICIOUS_MOVE = YES;
				CLANG_WARN_UNGUARDED_AVAILABILITY = YES_AGGRESSIVE;
				CLANG_WARN_UNREACHABLE_CODE = YES;
				CLANG_WARN__DUPLICATE_METHOD_MATCH = YES;
				CODE_SIGN_IDENTITY = "iPhone Developer";
				COPY_PHASE_STRIP = NO;
				DEBUG_INFORMATION_FORMAT = "dwarf-with-dsym";
				ENABLE_NS_ASSERTIONS = NO;
				ENABLE_STRICT_OBJC_MSGSEND = YES;
				GCC_C_LANGUAGE_STANDARD = gnu11;
				GCC_NO_COMMON_BLOCKS = YES;
				GCC_WARN_64_TO_32_BIT_CONVERSION = YES;
				GCC_WARN_ABOUT_RETURN_TYPE = YES_ERROR;
				GCC_WARN_UNDECLARED_SELECTOR = YES;
				GCC_WARN_UNINITIALIZED_AUTOS = YES_AGGRESSIVE;
				GCC_WARN_UNUSED_FUNCTION = YES;
				GCC_WARN_UNUSED_VARIABLE = YES;
				IPHONEOS_DEPLOYMENT_TARGET = 11.1;
				MTL_ENABLE_DEBUG_INFO = NO;
				SDKROOT = iphoneos;
				SWIFT_OPTIMIZATION_LEVEL = "-Owholemodule";
				VALIDATE_PRODUCT = YES;
			};
			name = Release;
		};
		B7A7A8021FCEE09400654CCB /* Debug */ = {
			isa = XCBuildConfiguration;
			buildSettings = {
				ASSETCATALOG_COMPILER_APPICON_NAME = AppIcon;
				CODE_SIGN_STYLE = Automatic;
				DEVELOPMENT_TEAM = 4Z7E4P5NG8;
				INFOPLIST_FILE = Linkle/Info.plist;
				LD_RUNPATH_SEARCH_PATHS = "$(inherited) @executable_path/Frameworks";
				PRODUCT_BUNDLE_IDENTIFIER = yujirone006.com.Linkle;
				PRODUCT_NAME = "$(TARGET_NAME)";
				SWIFT_VERSION = 4.0;
				TARGETED_DEVICE_FAMILY = "1,2";
			};
			name = Debug;
		};
		B7A7A8031FCEE09400654CCB /* Release */ = {
			isa = XCBuildConfiguration;
			buildSettings = {
				ASSETCATALOG_COMPILER_APPICON_NAME = AppIcon;
				CODE_SIGN_STYLE = Automatic;
				DEVELOPMENT_TEAM = 4Z7E4P5NG8;
				INFOPLIST_FILE = Linkle/Info.plist;
				LD_RUNPATH_SEARCH_PATHS = "$(inherited) @executable_path/Frameworks";
				PRODUCT_BUNDLE_IDENTIFIER = yujirone006.com.Linkle;
				PRODUCT_NAME = "$(TARGET_NAME)";
				SWIFT_VERSION = 4.0;
				TARGETED_DEVICE_FAMILY = "1,2";
			};
			name = Release;
		};
/* End XCBuildConfiguration section */

/* Begin XCConfigurationList section */
		B7A7A7EA1FCEE09400654CCB /* Build configuration list for PBXProject "Linkle" */ = {
			isa = XCConfigurationList;
			buildConfigurations = (
				B7A7A7FF1FCEE09400654CCB /* Debug */,
				B7A7A8001FCEE09400654CCB /* Release */,
			);
			defaultConfigurationIsVisible = 0;
			defaultConfigurationName = Release;
		};
		B7A7A8011FCEE09400654CCB /* Build configuration list for PBXNativeTarget "Linkle" */ = {
			isa = XCConfigurationList;
			buildConfigurations = (
				B7A7A8021FCEE09400654CCB /* Debug */,
				B7A7A8031FCEE09400654CCB /* Release */,
			);
			defaultConfigurationIsVisible = 0;
			defaultConfigurationName = Release;
		};
/* End XCConfigurationList section */
	};
	rootObject = B7A7A7E71FCEE09400654CCB /* Project object */;
}
